
Microsoft Visual Studio Solution File, Format Version 12.00
# Visual Studio Version 17
VisualStudioVersion = 17.14.36414.22
MinimumVisualStudioVersion = 10.0.40219.1
Project("{2150E333-8FDC-42A3-9474-1A3956D46DE8}") = "Task0", "Task0", "{D2B32D12-F44E-4A25-9E5C-17EF28C2166D}"
EndProject
Project("{FAE04EC0-301F-11D3-BF4B-00C04F79EFBC}") = "Tyuiu.ZelenovaIV.Sprint1.Task0.V7", "Tyuiu.ZelenovaIV.Sprint1.Task0.V7\Tyuiu.ZelenovaIV.Sprint1.Task0.V7.csproj", "{3758EF78-C59A-75D1-3BE1-0AF313DB75D2}"
EndProject
Project("{FAE04EC0-301F-11D3-BF4B-00C04F79EFBC}") = "Tyuiu.ZelenovaIV.Sprint1.Task0.V7.Lib", "Tyuiu.ZelenovaIV.Sprint1.Task0.V7.Lib\Tyuiu.ZelenovaIV.Sprint1.Task0.V7.Lib.csproj", "{D8796C42-FA4B-A14B-9527-35B5390B4D0A}"
EndProject
Project("{FAE04EC0-301F-11D3-BF4B-00C04F79EFBC}") = "Tyuiu.ZelenovaIV.Sprint1.Task0.V7.Test", "Tyuiu.ZelenovaIV.Sprint1.Task0.V7.Test\Tyuiu.ZelenovaIV.Sprint1.Task0.V7.Test.csproj", "{3C96300B-7075-DD0C-59A2-F205745D368D}"
EndProject
Project("{2150E333-8FDC-42A3-9474-1A3956D46DE8}") = "Task1", "Task1", "{02EA681E-C7D8-13C7-8484-4AC65E1B71E8}"
EndProject
Project("{FAE04EC0-301F-11D3-BF4B-00C04F79EFBC}") = "Tyuiu.ZelenovaIV.Sprint1.Task1.V16", "Tyuiu.ZelenovaIV.Sprint1.Task1.V16\Tyuiu.ZelenovaIV.Sprint1.Task1.V16.csproj", "{51A2CD95-9E0E-4A25-9394-D4209FB478A8}"
EndProject
Project("{FAE04EC0-301F-11D3-BF4B-00C04F79EFBC}") = "Tyuiu.ZelenovaIV.Sprint1.Task1.V16.Lib", "Tyuiu.ZelenovaIV.Sprint1.Task1.V16.Lib\Tyuiu.ZelenovaIV.Sprint1.Task1.V16.Lib.csproj", "{F57E7BD3-8A8C-4EFA-B4E9-66370FD68936}"
EndProject
Project("{FAE04EC0-301F-11D3-BF4B-00C04F79EFBC}") = "Tyuiu.ZelenovaIV.Sprint1.Task1.V16.Test", "Tyuiu.ZelenovaIV.Sprint1.Task1.V16.Test\Tyuiu.ZelenovaIV.Sprint1.Task1.V16.Test.csproj", "{1ED27B26-9638-4525-9604-023796FE3298}"
EndProject
Project("{2150E333-8FDC-42A3-9474-1A3956D46DE8}") = "Task2", "Task2", "{8515A7C0-6884-4A35-A726-324BCB05F050}"
EndProject
Project("{FAE04EC0-301F-11D3-BF4B-00C04F79EFBC}") = "Tyuiu.ZelenovaIV.Sprint1.Task2.V19", "Tyuiu.ZelenovaIV.Sprint1.Task2.V19\Tyuiu.ZelenovaIV.Sprint1.Task2.V19.csproj", "{211F0262-DF8D-4D30-B670-83C3D6955669}"
EndProject
Project("{FAE04EC0-301F-11D3-BF4B-00C04F79EFBC}") = "Tyuiu.ZelenovaIV.Sprint1.Task2.V19.Lib", "Tyuiu.ZelenovaIV.Sprint1.Task2.V19.Lib\Tyuiu.ZelenovaIV.Sprint1.Task2.V19.Lib.csproj", "{953E7629-15AB-46C3-B037-17A069054F5B}"
EndProject
Project("{FAE04EC0-301F-11D3-BF4B-00C04F79EFBC}") = "Tyuiu.ZelenovaIV.Sprint1.Task2.V19.Test", "Tyuiu.ZelenovaIV.Sprint1.Task2.V19.Test\Tyuiu.ZelenovaIV.Sprint1.Task2.V19.Test.csproj", "{69837FBB-02C8-4D7A-948E-395149E506B3}"
EndProject
Project("{2150E333-8FDC-42A3-9474-1A3956D46DE8}") = "Task3", "Task3", "{3D3BA0EE-E9B7-4EC5-B995-34949B53FA4A}"
EndProject
Project("{FAE04EC0-301F-11D3-BF4B-00C04F79EFBC}") = "Tyuiu.ZelenovaIV.Sprint1.Task3.V10", "Tyuiu.ZelenovaIV.Sprint1.Task3.V10\Tyuiu.ZelenovaIV.Sprint1.Task3.V10.csproj", "{B4A325EE-B1B1-453D-A7C3-D576F55B5FF4}"
EndProject
Project("{FAE04EC0-301F-11D3-BF4B-00C04F79EFBC}") = "Tyuiu.ZelenovaIV.Sprint1.Task3.V10.Lib", "Tyuiu.ZelenovaIV.Sprint1.Task3.V10.Lib\Tyuiu.ZelenovaIV.Sprint1.Task3.V10.Lib.csproj", "{07406A47-105C-45C9-9B90-3AC547CBEA0B}"
EndProject
Project("{FAE04EC0-301F-11D3-BF4B-00C04F79EFBC}") = "Tyuiu.ZelenovaIV.Sprint1.Task3.V10.Test", "Tyuiu.ZelenovaIV.Sprint1.Task3.V10.Test\Tyuiu.ZelenovaIV.Sprint1.Task3.V10.Test.csproj", "{50F96624-7495-46C6-89F9-A8D48623E9FE}"
EndProject
Global
	GlobalSection(SolutionConfigurationPlatforms) = preSolution
		Debug|Any CPU = Debug|Any CPU
		Release|Any CPU = Release|Any CPU
	EndGlobalSection
	GlobalSection(ProjectConfigurationPlatforms) = postSolution
		{3758EF78-C59A-75D1-3BE1-0AF313DB75D2}.Debug|Any CPU.ActiveCfg = Debug|Any CPU
		{3758EF78-C59A-75D1-3BE1-0AF313DB75D2}.Debug|Any CPU.Build.0 = Debug|Any CPU
		{3758EF78-C59A-75D1-3BE1-0AF313DB75D2}.Release|Any CPU.ActiveCfg = Release|Any CPU
		{3758EF78-C59A-75D1-3BE1-0AF313DB75D2}.Release|Any CPU.Build.0 = Release|Any CPU
		{D8796C42-FA4B-A14B-9527-35B5390B4D0A}.Debug|Any CPU.ActiveCfg = Debug|Any CPU
		{D8796C42-FA4B-A14B-9527-35B5390B4D0A}.Debug|Any CPU.Build.0 = Debug|Any CPU
		{D8796C42-FA4B-A14B-9527-35B5390B4D0A}.Release|Any CPU.ActiveCfg = Release|Any CPU
		{D8796C42-FA4B-A14B-9527-35B5390B4D0A}.Release|Any CPU.Build.0 = Release|Any CPU
		{3C96300B-7075-DD0C-59A2-F205745D368D}.Debug|Any CPU.ActiveCfg = Debug|Any CPU
		{3C96300B-7075-DD0C-59A2-F205745D368D}.Debug|Any CPU.Build.0 = Debug|Any CPU
		{3C96300B-7075-DD0C-59A2-F205745D368D}.Release|Any CPU.ActiveCfg = Release|Any CPU
		{3C96300B-7075-DD0C-59A2-F205745D368D}.Release|Any CPU.Build.0 = Release|Any CPU
		{51A2CD95-9E0E-4A25-9394-D4209FB478A8}.Debug|Any CPU.ActiveCfg = Debug|Any CPU
		{51A2CD95-9E0E-4A25-9394-D4209FB478A8}.Debug|Any CPU.Build.0 = Debug|Any CPU
		{51A2CD95-9E0E-4A25-9394-D4209FB478A8}.Release|Any CPU.ActiveCfg = Release|Any CPU
		{51A2CD95-9E0E-4A25-9394-D4209FB478A8}.Release|Any CPU.Build.0 = Release|Any CPU
		{F57E7BD3-8A8C-4EFA-B4E9-66370FD68936}.Debug|Any CPU.ActiveCfg = Debug|Any CPU
		{F57E7BD3-8A8C-4EFA-B4E9-66370FD68936}.Debug|Any CPU.Build.0 = Debug|Any CPU
		{F57E7BD3-8A8C-4EFA-B4E9-66370FD68936}.Release|Any CPU.ActiveCfg = Release|Any CPU
		{F57E7BD3-8A8C-4EFA-B4E9-66370FD68936}.Release|Any CPU.Build.0 = Release|Any CPU
		{1ED27B26-9638-4525-9604-023796FE3298}.Debug|Any CPU.ActiveCfg = Debug|Any CPU
		{1ED27B26-9638-4525-9604-023796FE3298}.Debug|Any CPU.Build.0 = Debug|Any CPU
		{1ED27B26-9638-4525-9604-023796FE3298}.Release|Any CPU.ActiveCfg = Release|Any CPU
		{1ED27B26-9638-4525-9604-023796FE3298}.Release|Any CPU.Build.0 = Release|Any CPU
		{211F0262-DF8D-4D30-B670-83C3D6955669}.Debug|Any CPU.ActiveCfg = Debug|Any CPU
		{211F0262-DF8D-4D30-B670-83C3D6955669}.Debug|Any CPU.Build.0 = Debug|Any CPU
		{211F0262-DF8D-4D30-B670-83C3D6955669}.Release|Any CPU.ActiveCfg = Release|Any CPU
		{211F0262-DF8D-4D30-B670-83C3D6955669}.Release|Any CPU.Build.0 = Release|Any CPU
		{953E7629-15AB-46C3-B037-17A069054F5B}.Debug|Any CPU.ActiveCfg = Debug|Any CPU
		{953E7629-15AB-46C3-B037-17A069054F5B}.Debug|Any CPU.Build.0 = Debug|Any CPU
		{953E7629-15AB-46C3-B037-17A069054F5B}.Release|Any CPU.ActiveCfg = Release|Any CPU
		{953E7629-15AB-46C3-B037-17A069054F5B}.Release|Any CPU.Build.0 = Release|Any CPU
		{69837FBB-02C8-4D7A-948E-395149E506B3}.Debug|Any CPU.ActiveCfg = Debug|Any CPU
		{69837FBB-02C8-4D7A-948E-395149E506B3}.Debug|Any CPU.Build.0 = Debug|Any CPU
		{69837FBB-02C8-4D7A-948E-395149E506B3}.Release|Any CPU.ActiveCfg = Release|Any CPU
		{69837FBB-02C8-4D7A-948E-395149E506B3}.Release|Any CPU.Build.0 = Release|Any CPU
		{B4A325EE-B1B1-453D-A7C3-D576F55B5FF4}.Debug|Any CPU.ActiveCfg = Debug|Any CPU
		{B4A325EE-B1B1-453D-A7C3-D576F55B5FF4}.Debug|Any CPU.Build.0 = Debug|Any CPU
		{B4A325EE-B1B1-453D-A7C3-D576F55B5FF4}.Release|Any CPU.ActiveCfg = Release|Any CPU
		{B4A325EE-B1B1-453D-A7C3-D576F55B5FF4}.Release|Any CPU.Build.0 = Release|Any CPU
		{07406A47-105C-45C9-9B90-3AC547CBEA0B}.Debug|Any CPU.ActiveCfg = Debug|Any CPU
		{07406A47-105C-45C9-9B90-3AC547CBEA0B}.Debug|Any CPU.Build.0 = Debug|Any CPU
		{07406A47-105C-45C9-9B90-3AC547CBEA0B}.Release|Any CPU.ActiveCfg = Release|Any CPU
		{07406A47-105C-45C9-9B90-3AC547CBEA0B}.Release|Any CPU.Build.0 = Release|Any CPU
		{50F96624-7495-46C6-89F9-A8D48623E9FE}.Debug|Any CPU.ActiveCfg = Debug|Any CPU
		{50F96624-7495-46C6-89F9-A8D48623E9FE}.Debug|Any CPU.Build.0 = Debug|Any CPU
		{50F96624-7495-46C6-89F9-A8D48623E9FE}.Release|Any CPU.ActiveCfg = Release|Any CPU
		{50F96624-7495-46C6-89F9-A8D48623E9FE}.Release|Any CPU.Build.0 = Release|Any CPU
	EndGlobalSection
	GlobalSection(SolutionProperties) = preSolution
		HideSolutionNode = FALSE
	EndGlobalSection
	GlobalSection(NestedProjects) = preSolution
		{3758EF78-C59A-75D1-3BE1-0AF313DB75D2} = {D2B32D12-F44E-4A25-9E5C-17EF28C2166D}
		{D8796C42-FA4B-A14B-9527-35B5390B4D0A} = {D2B32D12-F44E-4A25-9E5C-17EF28C2166D}
		{3C96300B-7075-DD0C-59A2-F205745D368D} = {D2B32D12-F44E-4A25-9E5C-17EF28C2166D}
		{51A2CD95-9E0E-4A25-9394-D4209FB478A8} = {02EA681E-C7D8-13C7-8484-4AC65E1B71E8}
		{F57E7BD3-8A8C-4EFA-B4E9-66370FD68936} = {02EA681E-C7D8-13C7-8484-4AC65E1B71E8}
		{1ED27B26-9638-4525-9604-023796FE3298} = {02EA681E-C7D8-13C7-8484-4AC65E1B71E8}
		{211F0262-DF8D-4D30-B670-83C3D6955669} = {8515A7C0-6884-4A35-A726-324BCB05F050}
		{953E7629-15AB-46C3-B037-17A069054F5B} = {8515A7C0-6884-4A35-A726-324BCB05F050}
		{69837FBB-02C8-4D7A-948E-395149E506B3} = {8515A7C0-6884-4A35-A726-324BCB05F050}
		{B4A325EE-B1B1-453D-A7C3-D576F55B5FF4} = {3D3BA0EE-E9B7-4EC5-B995-34949B53FA4A}
		{07406A47-105C-45C9-9B90-3AC547CBEA0B} = {3D3BA0EE-E9B7-4EC5-B995-34949B53FA4A}
		{50F96624-7495-46C6-89F9-A8D48623E9FE} = {3D3BA0EE-E9B7-4EC5-B995-34949B53FA4A}
	EndGlobalSection
	GlobalSection(ExtensibilityGlobals) = postSolution
		SolutionGuid = {DC34EFE8-4BC1-41A9-9311-7E329AE461E6}
	EndGlobalSection
EndGlobal
