
Microsoft Visual Studio Solution File, Format Version 12.00
# Visual Studio Version 17
VisualStudioVersion = 17.14.36414.22
MinimumVisualStudioVersion = 10.0.40219.1
Project("{2150E333-8FDC-42A3-9474-1A3956D46DE8}") = "Task0", "Task0", "{02EA681E-C7D8-13C7-8484-4AC65E1B71E8}"
EndProject
Project("{FAE04EC0-301F-11D3-BF4B-00C04F79EFBC}") = "Tyuiu.ZelenovaIV.Sprint1.Task0.V7.Test", "Tyuiu.ZelenovaIV.Sprint1.Task0.V0.Test\Tyuiu.ZelenovaIV.Sprint1.Task0.V7.Test.csproj", "{57F96A6D-8766-4C59-B630-0CFBB0D59D22}"
	ProjectSection(ProjectDependencies) = postProject
		{A909BBC4-2731-49A6-AD9E-2D53D56C48A6} = {A909BBC4-2731-49A6-AD9E-2D53D56C48A6}
	EndProjectSection
EndProject
Project("{FAE04EC0-301F-11D3-BF4B-00C04F79EFBC}") = "Tyuiu.ZelenovaIV.Sprint1.Task0.V7.Lib", "Tyuiu.ZelenovaIV.Sprint1.Task0.V0.Lib\Tyuiu.ZelenovaIV.Sprint1.Task0.V7.Lib.csproj", "{022F7DE8-CA1E-4DEB-AFD5-E623491CC573}"
EndProject
Project("{FAE04EC0-301F-11D3-BF4B-00C04F79EFBC}") = "Tyuiu.ZelenovaIV.Sprint1.Task0.V7", "Tyuiu.ZelenovaIV.Sprint1.Task0.V0\Tyuiu.ZelenovaIV.Sprint1.Task0.V7.csproj", "{A909BBC4-2731-49A6-AD9E-2D53D56C48A6}"
EndProject
Global
	GlobalSection(SolutionConfigurationPlatforms) = preSolution
		Debug|Any CPU = Debug|Any CPU
		Release|Any CPU = Release|Any CPU
	EndGlobalSection
	GlobalSection(ProjectConfigurationPlatforms) = postSolution
		{57F96A6D-8766-4C59-B630-0CFBB0D59D22}.Debug|Any CPU.ActiveCfg = Debug|Any CPU
		{57F96A6D-8766-4C59-B630-0CFBB0D59D22}.Debug|Any CPU.Build.0 = Debug|Any CPU
		{57F96A6D-8766-4C59-B630-0CFBB0D59D22}.Release|Any CPU.ActiveCfg = Release|Any CPU
		{57F96A6D-8766-4C59-B630-0CFBB0D59D22}.Release|Any CPU.Build.0 = Release|Any CPU
		{022F7DE8-CA1E-4DEB-AFD5-E623491CC573}.Debug|Any CPU.ActiveCfg = Debug|Any CPU
		{022F7DE8-CA1E-4DEB-AFD5-E623491CC573}.Debug|Any CPU.Build.0 = Debug|Any CPU
		{022F7DE8-CA1E-4DEB-AFD5-E623491CC573}.Release|Any CPU.ActiveCfg = Release|Any CPU
		{022F7DE8-CA1E-4DEB-AFD5-E623491CC573}.Release|Any CPU.Build.0 = Release|Any CPU
		{A909BBC4-2731-49A6-AD9E-2D53D56C48A6}.Debug|Any CPU.ActiveCfg = Debug|Any CPU
		{A909BBC4-2731-49A6-AD9E-2D53D56C48A6}.Debug|Any CPU.Build.0 = Debug|Any CPU
		{A909BBC4-2731-49A6-AD9E-2D53D56C48A6}.Release|Any CPU.ActiveCfg = Release|Any CPU
		{A909BBC4-2731-49A6-AD9E-2D53D56C48A6}.Release|Any CPU.Build.0 = Release|Any CPU
	EndGlobalSection
	GlobalSection(SolutionProperties) = preSolution
		HideSolutionNode = FALSE
	EndGlobalSection
	GlobalSection(NestedProjects) = preSolution
		{57F96A6D-8766-4C59-B630-0CFBB0D59D22} = {02EA681E-C7D8-13C7-8484-4AC65E1B71E8}
		{022F7DE8-CA1E-4DEB-AFD5-E623491CC573} = {02EA681E-C7D8-13C7-8484-4AC65E1B71E8}
		{A909BBC4-2731-49A6-AD9E-2D53D56C48A6} = {02EA681E-C7D8-13C7-8484-4AC65E1B71E8}
	EndGlobalSection
	GlobalSection(ExtensibilityGlobals) = postSolution
		SolutionGuid = {DC34EFE8-4BC1-41A9-9311-7E329AE461E6}
	EndGlobalSection
EndGlobal
